
Microsoft Visual Studio Solution File, Format Version 12.00
# Visual Studio Version 17
VisualStudioVersion = 17.7.34009.444
MinimumVisualStudioVersion = 10.0.40219.1
Project("{00D1A9C2-B5F0-4AF3-8072-F6C62B433612}") = "F23L055_GestToDo.Database", "F23L055_GestToDo.Database\F23L055_GestToDo.Database.sqlproj", "{029494B3-9178-408A-B4AD-188D1F01BCFB}"
EndProject
Project("{2150E333-8FDC-42A3-9474-1A3956D46DE8}") = "00 Database", "00 Database", "{DC03C92E-6010-4371-804F-33CE80261FC6}"
EndProject
Project("{2150E333-8FDC-42A3-9474-1A3956D46DE8}") = "01 Models", "01 Models", "{EDA54366-49E9-422E-A332-325756A128BF}"
EndProject
Project("{2150E333-8FDC-42A3-9474-1A3956D46DE8}") = "02 App", "02 App", "{0183684D-FFEB-4770-A9E0-6D2EEE2A4086}"
EndProject
Project("{2150E333-8FDC-42A3-9474-1A3956D46DE8}") = "99 Tools", "99 Tools", "{01AD1C7C-7872-4798-899F-026212BD5681}"
EndProject
Project("{2150E333-8FDC-42A3-9474-1A3956D46DE8}") = "01-01 DAL", "01-01 DAL", "{CCA8A018-D0DF-404A-AAB5-C91E019D2D6F}"
EndProject
Project("{2150E333-8FDC-42A3-9474-1A3956D46DE8}") = "01-02 BLL", "01-02 BLL", "{22950C98-50E9-4690-B457-F9ABE827BE59}"
EndProject
Project("{9A19103F-16F7-4668-BE54-9A1E7A4F7556}") = "F23L055_GestToDo.Dal", "F23L055_GestToDo.Dal\F23L055_GestToDo.Dal.csproj", "{BE3DDA6B-920D-4D1A-9405-EFF5E24275AF}"
EndProject
Project("{9A19103F-16F7-4668-BE54-9A1E7A4F7556}") = "Tools.Database", "Tools.Database\Tools.Database.csproj", "{1498A6CE-0378-4DEC-A71D-04CB638DB8CC}"
EndProject
Project("{2150E333-8FDC-42A3-9474-1A3956D46DE8}") = "02-99 Test", "02-99 Test", "{87C1E11D-C0F3-4EBB-B143-A4B2A0EFA650}"
EndProject
Project("{9A19103F-16F7-4668-BE54-9A1E7A4F7556}") = "ConsoleTest", "ConsoleTest\ConsoleTest.csproj", "{C79F52D1-9751-4E6A-9524-D47C3035653F}"
EndProject
Project("{9A19103F-16F7-4668-BE54-9A1E7A4F7556}") = "F23L055_GestToDo.Bll", "F23L055_GestToDo.Bll\F23L055_GestToDo.Bll.csproj", "{8F96CF27-0AC0-408D-9CF2-3FC773BE0DFC}"
EndProject
Project("{9A19103F-16F7-4668-BE54-9A1E7A4F7556}") = "F23L055_GestToDo.Api", "F23L055_GestToDo.Api\F23L055_GestToDo.Api.csproj", "{FBD0B58B-CB2B-4D77-96C2-9C4C606EC055}"
EndProject
Project("{2150E333-8FDC-42A3-9474-1A3956D46DE8}") = "Solution Items", "Solution Items", "{70010CB7-1A77-4493-BFEB-87AA076D1786}"
	ProjectSection(SolutionItems) = preProject
		.editorconfig = .editorconfig
	EndProjectSection
EndProject
Global
	GlobalSection(SolutionConfigurationPlatforms) = preSolution
		Debug|Any CPU = Debug|Any CPU
		Release|Any CPU = Release|Any CPU
	EndGlobalSection
	GlobalSection(ProjectConfigurationPlatforms) = postSolution
		{029494B3-9178-408A-B4AD-188D1F01BCFB}.Debug|Any CPU.ActiveCfg = Debug|Any CPU
		{029494B3-9178-408A-B4AD-188D1F01BCFB}.Debug|Any CPU.Build.0 = Debug|Any CPU
		{029494B3-9178-408A-B4AD-188D1F01BCFB}.Debug|Any CPU.Deploy.0 = Debug|Any CPU
		{029494B3-9178-408A-B4AD-188D1F01BCFB}.Release|Any CPU.ActiveCfg = Release|Any CPU
		{029494B3-9178-408A-B4AD-188D1F01BCFB}.Release|Any CPU.Build.0 = Release|Any CPU
		{029494B3-9178-408A-B4AD-188D1F01BCFB}.Release|Any CPU.Deploy.0 = Release|Any CPU
		{BE3DDA6B-920D-4D1A-9405-EFF5E24275AF}.Debug|Any CPU.ActiveCfg = Debug|Any CPU
		{BE3DDA6B-920D-4D1A-9405-EFF5E24275AF}.Debug|Any CPU.Build.0 = Debug|Any CPU
		{BE3DDA6B-920D-4D1A-9405-EFF5E24275AF}.Release|Any CPU.ActiveCfg = Release|Any CPU
		{BE3DDA6B-920D-4D1A-9405-EFF5E24275AF}.Release|Any CPU.Build.0 = Release|Any CPU
		{1498A6CE-0378-4DEC-A71D-04CB638DB8CC}.Debug|Any CPU.ActiveCfg = Debug|Any CPU
		{1498A6CE-0378-4DEC-A71D-04CB638DB8CC}.Debug|Any CPU.Build.0 = Debug|Any CPU
		{1498A6CE-0378-4DEC-A71D-04CB638DB8CC}.Release|Any CPU.ActiveCfg = Release|Any CPU
		{1498A6CE-0378-4DEC-A71D-04CB638DB8CC}.Release|Any CPU.Build.0 = Release|Any CPU
		{C79F52D1-9751-4E6A-9524-D47C3035653F}.Debug|Any CPU.ActiveCfg = Debug|Any CPU
		{C79F52D1-9751-4E6A-9524-D47C3035653F}.Debug|Any CPU.Build.0 = Debug|Any CPU
		{C79F52D1-9751-4E6A-9524-D47C3035653F}.Release|Any CPU.ActiveCfg = Release|Any CPU
		{C79F52D1-9751-4E6A-9524-D47C3035653F}.Release|Any CPU.Build.0 = Release|Any CPU
		{8F96CF27-0AC0-408D-9CF2-3FC773BE0DFC}.Debug|Any CPU.ActiveCfg = Debug|Any CPU
		{8F96CF27-0AC0-408D-9CF2-3FC773BE0DFC}.Debug|Any CPU.Build.0 = Debug|Any CPU
		{8F96CF27-0AC0-408D-9CF2-3FC773BE0DFC}.Release|Any CPU.ActiveCfg = Release|Any CPU
		{8F96CF27-0AC0-408D-9CF2-3FC773BE0DFC}.Release|Any CPU.Build.0 = Release|Any CPU
		{FBD0B58B-CB2B-4D77-96C2-9C4C606EC055}.Debug|Any CPU.ActiveCfg = Debug|Any CPU
		{FBD0B58B-CB2B-4D77-96C2-9C4C606EC055}.Debug|Any CPU.Build.0 = Debug|Any CPU
		{FBD0B58B-CB2B-4D77-96C2-9C4C606EC055}.Release|Any CPU.ActiveCfg = Release|Any CPU
		{FBD0B58B-CB2B-4D77-96C2-9C4C606EC055}.Release|Any CPU.Build.0 = Release|Any CPU
	EndGlobalSection
	GlobalSection(SolutionProperties) = preSolution
		HideSolutionNode = FALSE
	EndGlobalSection
	GlobalSection(NestedProjects) = preSolution
		{029494B3-9178-408A-B4AD-188D1F01BCFB} = {DC03C92E-6010-4371-804F-33CE80261FC6}
		{CCA8A018-D0DF-404A-AAB5-C91E019D2D6F} = {EDA54366-49E9-422E-A332-325756A128BF}
		{22950C98-50E9-4690-B457-F9ABE827BE59} = {EDA54366-49E9-422E-A332-325756A128BF}
		{BE3DDA6B-920D-4D1A-9405-EFF5E24275AF} = {CCA8A018-D0DF-404A-AAB5-C91E019D2D6F}
		{1498A6CE-0378-4DEC-A71D-04CB638DB8CC} = {01AD1C7C-7872-4798-899F-026212BD5681}
		{87C1E11D-C0F3-4EBB-B143-A4B2A0EFA650} = {0183684D-FFEB-4770-A9E0-6D2EEE2A4086}
		{C79F52D1-9751-4E6A-9524-D47C3035653F} = {87C1E11D-C0F3-4EBB-B143-A4B2A0EFA650}
		{8F96CF27-0AC0-408D-9CF2-3FC773BE0DFC} = {22950C98-50E9-4690-B457-F9ABE827BE59}
		{FBD0B58B-CB2B-4D77-96C2-9C4C606EC055} = {0183684D-FFEB-4770-A9E0-6D2EEE2A4086}
	EndGlobalSection
	GlobalSection(ExtensibilityGlobals) = postSolution
		SolutionGuid = {9266BD1A-7338-44AC-9B4A-BEC61E1B74EE}
	EndGlobalSection
EndGlobal
